
Microsoft Visual Studio Solution File, Format Version 12.00
# Visual Studio Version 17
VisualStudioVersion = 17.2.32526.322
MinimumVisualStudioVersion = 10.0.40219.1
Project("{FAE04EC0-301F-11D3-BF4B-00C04F79EFBC}") = "Fit", "Fit\Fit.csproj", "{A81D71C9-6ABC-4165-85E7-7FC7751DCC29}"
EndProject
Global
	GlobalSection(SolutionConfigurationPlatforms) = preSolution
		Debug|Any CPU = Debug|Any CPU
		Release|Any CPU = Release|Any CPU
	EndGlobalSection
	GlobalSection(ProjectConfigurationPlatforms) = postSolution
		{A81D71C9-6ABC-4165-85E7-7FC7751DCC29}.Debug|Any CPU.ActiveCfg = Debug|Any CPU
		{A81D71C9-6ABC-4165-85E7-7FC7751DCC29}.Debug|Any CPU.Build.0 = Debug|Any CPU
		{A81D71C9-6ABC-4165-85E7-7FC7751DCC29}.Release|Any CPU.ActiveCfg = Release|Any CPU
		{A81D71C9-6ABC-4165-85E7-7FC7751DCC29}.Release|Any CPU.Build.0 = Release|Any CPU
	EndGlobalSection
	GlobalSection(SolutionProperties) = preSolution
		HideSolutionNode = FALSE
	EndGlobalSection
	GlobalSection(ExtensibilityGlobals) = postSolution
		SolutionGuid = {3F29866E-3ADF-453A-A82A-713A5EE749CF}
	EndGlobalSection
EndGlobal
